
Microsoft Visual Studio Solution File, Format Version 12.00
# Visual Studio Version 16
VisualStudioVersion = 16.0.29613.14
MinimumVisualStudioVersion = 10.0.40219.1
Project("{9A19103F-16F7-4668-BE54-9A1E7A4F7556}") = "Design.Main", "Design.Main\Design.Main.csproj", "{1BBD7478-10EE-4CCE-9DE7-A3EFC172A23D}"
EndProject
Project("{9A19103F-16F7-4668-BE54-9A1E7A4F7556}") = "SinglePattern", "SinglePattern\SinglePattern.csproj", "{72ADD75A-1472-4E2D-89E1-53BF6489D53F}"
EndProject
Project("{9A19103F-16F7-4668-BE54-9A1E7A4F7556}") = "FactoryPattern", "FactoryPattern\FactoryPattern.csproj", "{96A274C5-1075-447B-9C67-6E1753540652}"
EndProject
Project("{9A19103F-16F7-4668-BE54-9A1E7A4F7556}") = "AbstructFactoryPattern", "AbstructFactoryPattern\AbstructFactoryPattern.csproj", "{64FFDBE4-02F1-44B5-9FF4-B574A25CED93}"
EndProject
Project("{9A19103F-16F7-4668-BE54-9A1E7A4F7556}") = "BuilderPattern", "BuilderPattern\BuilderPattern.csproj", "{20C4F5A8-D4B8-437D-BE32-A601CDA3E26F}"
EndProject
Project("{FAE04EC0-301F-11D3-BF4B-00C04F79EFBC}") = "ProtoTypePattern", "ProtoTypePattern\ProtoTypePattern.csproj", "{314B2728-B8E1-40A7-93A1-B704BCCBB7F2}"
EndProject
Global
	GlobalSection(SolutionConfigurationPlatforms) = preSolution
		Debug|Any CPU = Debug|Any CPU
		Release|Any CPU = Release|Any CPU
	EndGlobalSection
	GlobalSection(ProjectConfigurationPlatforms) = postSolution
		{1BBD7478-10EE-4CCE-9DE7-A3EFC172A23D}.Debug|Any CPU.ActiveCfg = Debug|Any CPU
		{1BBD7478-10EE-4CCE-9DE7-A3EFC172A23D}.Debug|Any CPU.Build.0 = Debug|Any CPU
		{1BBD7478-10EE-4CCE-9DE7-A3EFC172A23D}.Release|Any CPU.ActiveCfg = Release|Any CPU
		{1BBD7478-10EE-4CCE-9DE7-A3EFC172A23D}.Release|Any CPU.Build.0 = Release|Any CPU
		{72ADD75A-1472-4E2D-89E1-53BF6489D53F}.Debug|Any CPU.ActiveCfg = Debug|Any CPU
		{72ADD75A-1472-4E2D-89E1-53BF6489D53F}.Debug|Any CPU.Build.0 = Debug|Any CPU
		{72ADD75A-1472-4E2D-89E1-53BF6489D53F}.Release|Any CPU.ActiveCfg = Release|Any CPU
		{72ADD75A-1472-4E2D-89E1-53BF6489D53F}.Release|Any CPU.Build.0 = Release|Any CPU
		{96A274C5-1075-447B-9C67-6E1753540652}.Debug|Any CPU.ActiveCfg = Debug|Any CPU
		{96A274C5-1075-447B-9C67-6E1753540652}.Debug|Any CPU.Build.0 = Debug|Any CPU
		{96A274C5-1075-447B-9C67-6E1753540652}.Release|Any CPU.ActiveCfg = Release|Any CPU
		{96A274C5-1075-447B-9C67-6E1753540652}.Release|Any CPU.Build.0 = Release|Any CPU
		{64FFDBE4-02F1-44B5-9FF4-B574A25CED93}.Debug|Any CPU.ActiveCfg = Debug|Any CPU
		{64FFDBE4-02F1-44B5-9FF4-B574A25CED93}.Debug|Any CPU.Build.0 = Debug|Any CPU
		{64FFDBE4-02F1-44B5-9FF4-B574A25CED93}.Release|Any CPU.ActiveCfg = Release|Any CPU
		{64FFDBE4-02F1-44B5-9FF4-B574A25CED93}.Release|Any CPU.Build.0 = Release|Any CPU
		{20C4F5A8-D4B8-437D-BE32-A601CDA3E26F}.Debug|Any CPU.ActiveCfg = Debug|Any CPU
		{20C4F5A8-D4B8-437D-BE32-A601CDA3E26F}.Debug|Any CPU.Build.0 = Debug|Any CPU
		{20C4F5A8-D4B8-437D-BE32-A601CDA3E26F}.Release|Any CPU.ActiveCfg = Release|Any CPU
		{20C4F5A8-D4B8-437D-BE32-A601CDA3E26F}.Release|Any CPU.Build.0 = Release|Any CPU
		{314B2728-B8E1-40A7-93A1-B704BCCBB7F2}.Debug|Any CPU.ActiveCfg = Debug|Any CPU
		{314B2728-B8E1-40A7-93A1-B704BCCBB7F2}.Debug|Any CPU.Build.0 = Debug|Any CPU
		{314B2728-B8E1-40A7-93A1-B704BCCBB7F2}.Release|Any CPU.ActiveCfg = Release|Any CPU
		{314B2728-B8E1-40A7-93A1-B704BCCBB7F2}.Release|Any CPU.Build.0 = Release|Any CPU
	EndGlobalSection
	GlobalSection(SolutionProperties) = preSolution
		HideSolutionNode = FALSE
	EndGlobalSection
	GlobalSection(ExtensibilityGlobals) = postSolution
		SolutionGuid = {262ECC22-E5BC-43D7-B3E5-CFB58376D6FC}
	EndGlobalSection
EndGlobal
